
Microsoft Visual Studio Solution File, Format Version 12.00
# Visual Studio Version 17
VisualStudioVersion = 17.7.34221.43
MinimumVisualStudioVersion = 10.0.40219.1
Project("{9A19103F-16F7-4668-BE54-9A1E7A4F7556}") = "HumanoSeguros.Api", "HumanoSeguros.Api\HumanoSeguros.Api.csproj", "{B4020E19-DA9E-448A-9FCC-ECB8A41D1FA1}"
EndProject
Project("{9A19103F-16F7-4668-BE54-9A1E7A4F7556}") = "HumanoSeguros.Application", "HumanoSeguros.Application\HumanoSeguros.Application.csproj", "{145F837B-5397-436C-A0CB-31969F50CD1B}"
EndProject
Project("{9A19103F-16F7-4668-BE54-9A1E7A4F7556}") = "HumanoSeguros.Domain", "HumanoSeguros.Domain\HumanoSeguros.Domain.csproj", "{8B0DD907-E546-4BFE-BD0C-CDB23DA20267}"
EndProject
Project("{FAE04EC0-301F-11D3-BF4B-00C04F79EFBC}") = "HumanoSeguros.Infraestructure", "HumanoSeguros.Infraestructure\HumanoSeguros.Infraestructure.csproj", "{64007EE3-AC5B-40C5-AD1C-57146DC66A7B}"
EndProject
Global
	GlobalSection(SolutionConfigurationPlatforms) = preSolution
		Debug|Any CPU = Debug|Any CPU
		Release|Any CPU = Release|Any CPU
	EndGlobalSection
	GlobalSection(ProjectConfigurationPlatforms) = postSolution
		{B4020E19-DA9E-448A-9FCC-ECB8A41D1FA1}.Debug|Any CPU.ActiveCfg = Debug|Any CPU
		{B4020E19-DA9E-448A-9FCC-ECB8A41D1FA1}.Debug|Any CPU.Build.0 = Debug|Any CPU
		{B4020E19-DA9E-448A-9FCC-ECB8A41D1FA1}.Release|Any CPU.ActiveCfg = Release|Any CPU
		{B4020E19-DA9E-448A-9FCC-ECB8A41D1FA1}.Release|Any CPU.Build.0 = Release|Any CPU
		{145F837B-5397-436C-A0CB-31969F50CD1B}.Debug|Any CPU.ActiveCfg = Debug|Any CPU
		{145F837B-5397-436C-A0CB-31969F50CD1B}.Debug|Any CPU.Build.0 = Debug|Any CPU
		{145F837B-5397-436C-A0CB-31969F50CD1B}.Release|Any CPU.ActiveCfg = Release|Any CPU
		{145F837B-5397-436C-A0CB-31969F50CD1B}.Release|Any CPU.Build.0 = Release|Any CPU
		{8B0DD907-E546-4BFE-BD0C-CDB23DA20267}.Debug|Any CPU.ActiveCfg = Debug|Any CPU
		{8B0DD907-E546-4BFE-BD0C-CDB23DA20267}.Debug|Any CPU.Build.0 = Debug|Any CPU
		{8B0DD907-E546-4BFE-BD0C-CDB23DA20267}.Release|Any CPU.ActiveCfg = Release|Any CPU
		{8B0DD907-E546-4BFE-BD0C-CDB23DA20267}.Release|Any CPU.Build.0 = Release|Any CPU
		{64007EE3-AC5B-40C5-AD1C-57146DC66A7B}.Debug|Any CPU.ActiveCfg = Debug|Any CPU
		{64007EE3-AC5B-40C5-AD1C-57146DC66A7B}.Debug|Any CPU.Build.0 = Debug|Any CPU
		{64007EE3-AC5B-40C5-AD1C-57146DC66A7B}.Release|Any CPU.ActiveCfg = Release|Any CPU
		{64007EE3-AC5B-40C5-AD1C-57146DC66A7B}.Release|Any CPU.Build.0 = Release|Any CPU
	EndGlobalSection
	GlobalSection(SolutionProperties) = preSolution
		HideSolutionNode = FALSE
	EndGlobalSection
	GlobalSection(ExtensibilityGlobals) = postSolution
		SolutionGuid = {0F9AA7B3-4F9F-48BF-BD72-C4F50510520A}
	EndGlobalSection
EndGlobal
